
Microsoft Visual Studio Solution File, Format Version 12.00
# Visual Studio Version 17
VisualStudioVersion = 17.11.35219.272
MinimumVisualStudioVersion = 10.0.40219.1
Project("{FAE04EC0-301F-11D3-BF4B-00C04F79EFBC}") = "WebApp", "WebApp\WebApp.csproj", "{3E2158A1-4CC5-411E-9703-330A14B042A6}"
EndProject
Project("{FAE04EC0-301F-11D3-BF4B-00C04F79EFBC}") = "WebApp.Tests", "WebApp.Tests\WebApp.Tests.csproj", "{356CADB6-575F-42FE-BCCD-3C1EC6B61079}"
EndProject
Global
	GlobalSection(SolutionConfigurationPlatforms) = preSolution
		Debug|Any CPU = Debug|Any CPU
		Release|Any CPU = Release|Any CPU
	EndGlobalSection
	GlobalSection(ProjectConfigurationPlatforms) = postSolution
		{3E2158A1-4CC5-411E-9703-330A14B042A6}.Debug|Any CPU.ActiveCfg = Debug|Any CPU
		{3E2158A1-4CC5-411E-9703-330A14B042A6}.Debug|Any CPU.Build.0 = Debug|Any CPU
		{3E2158A1-4CC5-411E-9703-330A14B042A6}.Release|Any CPU.ActiveCfg = Release|Any CPU
		{3E2158A1-4CC5-411E-9703-330A14B042A6}.Release|Any CPU.Build.0 = Release|Any CPU
		{356CADB6-575F-42FE-BCCD-3C1EC6B61079}.Debug|Any CPU.ActiveCfg = Debug|Any CPU
		{356CADB6-575F-42FE-BCCD-3C1EC6B61079}.Debug|Any CPU.Build.0 = Debug|Any CPU
		{356CADB6-575F-42FE-BCCD-3C1EC6B61079}.Release|Any CPU.ActiveCfg = Release|Any CPU
		{356CADB6-575F-42FE-BCCD-3C1EC6B61079}.Release|Any CPU.Build.0 = Release|Any CPU
	EndGlobalSection
	GlobalSection(SolutionProperties) = preSolution
		HideSolutionNode = FALSE
	EndGlobalSection
	GlobalSection(ExtensibilityGlobals) = postSolution
		SolutionGuid = {0F9D2E5F-D85C-4C96-82D2-70A6472A27F8}
	EndGlobalSection
EndGlobal
